
Microsoft Visual Studio Solution File, Format Version 12.00
# Visual Studio 14
VisualStudioVersion = 14.0.23107.0
MinimumVisualStudioVersion = 10.0.40219.1
Project("{FAE04EC0-301F-11D3-BF4B-00C04F79EFBC}") = "Orleans.StorageProviders.RedisStorage", "Orleans.StorageProviders.RedisStorage\Orleans.StorageProviders.RedisStorage.csproj", "{B3D9766E-1E94-494E-B3A9-5FFDD518CF1F}"
EndProject
Global
	GlobalSection(SolutionConfigurationPlatforms) = preSolution
		Debug|Any CPU = Debug|Any CPU
		Release|Any CPU = Release|Any CPU
	EndGlobalSection
	GlobalSection(ProjectConfigurationPlatforms) = postSolution
		{B3D9766E-1E94-494E-B3A9-5FFDD518CF1F}.Debug|Any CPU.ActiveCfg = Debug|Any CPU
		{B3D9766E-1E94-494E-B3A9-5FFDD518CF1F}.Debug|Any CPU.Build.0 = Debug|Any CPU
		{B3D9766E-1E94-494E-B3A9-5FFDD518CF1F}.Release|Any CPU.ActiveCfg = Release|Any CPU
		{B3D9766E-1E94-494E-B3A9-5FFDD518CF1F}.Release|Any CPU.Build.0 = Release|Any CPU
	EndGlobalSection
	GlobalSection(SolutionProperties) = preSolution
		HideSolutionNode = FALSE
	EndGlobalSection
	GlobalSection(NestedProjects) = preSolution
	EndGlobalSection
EndGlobal
